// !$*UTF8*$!
{
	archiveVersion = 1;
	classes = {
	};
	objectVersion = 51;
	objects = {

/* Begin PBXBuildFile section */
		1509804422AABFEF00B6019D /* FeedDetailViewController.swift in Sources */ = {isa = PBXBuildFile; fileRef = 1509804322AABFEF00B6019D /* FeedDetailViewController.swift */; };
		37E328C7A35A94F1F9978F75 /* Pods_Conecta.framework in Frameworks */ = {isa = PBXBuildFile; fileRef = FEBE374B09DE93342F540675 /* Pods_Conecta.framework */; };
		C05470FA22AA9287003DB801 /* RegistroViewController.swift in Sources */ = {isa = PBXBuildFile; fileRef = C05470F922AA9287003DB801 /* RegistroViewController.swift */; };
		C05470FC22AA93C0003DB801 /* Validacao.swift in Sources */ = {isa = PBXBuildFile; fileRef = C05470FB22AA93C0003DB801 /* Validacao.swift */; };
		C05470FE22AFD6E5003DB801 /* AvatarViewController.swift in Sources */ = {isa = PBXBuildFile; fileRef = C05470FD22AFD6E5003DB801 /* AvatarViewController.swift */; };
		C054710022AFE8B7003DB801 /* AvatarCollectionViewCell.swift in Sources */ = {isa = PBXBuildFile; fileRef = C05470FF22AFE8B7003DB801 /* AvatarCollectionViewCell.swift */; };
		C054710222B15287003DB801 /* blur.xib in Resources */ = {isa = PBXBuildFile; fileRef = C054710122B15287003DB801 /* blur.xib */; };
		C054710422B15551003DB801 /* Blur.swift in Sources */ = {isa = PBXBuildFile; fileRef = C054710322B15551003DB801 /* Blur.swift */; };
		C061871B22A14778002A47DE /* AppDelegate.swift in Sources */ = {isa = PBXBuildFile; fileRef = C061871A22A14778002A47DE /* AppDelegate.swift */; };
		C061871D22A14778002A47DE /* LoginViewController.swift in Sources */ = {isa = PBXBuildFile; fileRef = C061871C22A14778002A47DE /* LoginViewController.swift */; };
		C061872322A14778002A47DE /* Conecta.xcdatamodeld in Sources */ = {isa = PBXBuildFile; fileRef = C061872122A14778002A47DE /* Conecta.xcdatamodeld */; };
		C061872522A14779002A47DE /* Assets.xcassets in Resources */ = {isa = PBXBuildFile; fileRef = C061872422A14779002A47DE /* Assets.xcassets */; };
		C061872822A14779002A47DE /* LaunchScreen.storyboard in Resources */ = {isa = PBXBuildFile; fileRef = C061872622A14779002A47DE /* LaunchScreen.storyboard */; };
		C061873422A14B9B002A47DE /* Persistencia.swift in Sources */ = {isa = PBXBuildFile; fileRef = C061873322A14B9B002A47DE /* Persistencia.swift */; };
		C061873622A15729002A47DE /* Login.storyboard in Resources */ = {isa = PBXBuildFile; fileRef = C061873522A15729002A47DE /* Login.storyboard */; };
		C061873822A157D4002A47DE /* Feed.storyboard in Resources */ = {isa = PBXBuildFile; fileRef = C061873722A157D4002A47DE /* Feed.storyboard */; };
		C061873C22A158E2002A47DE /* Perfil.storyboard in Resources */ = {isa = PBXBuildFile; fileRef = C061873B22A158E2002A47DE /* Perfil.storyboard */; };
		C061873E22A15BDE002A47DE /* GoogleService-Info.plist in Resources */ = {isa = PBXBuildFile; fileRef = C061873D22A15BDE002A47DE /* GoogleService-Info.plist */; };
		C061874E22A7ED99002A47DE /* FeedViewController.swift in Sources */ = {isa = PBXBuildFile; fileRef = C061874D22A7ED99002A47DE /* FeedViewController.swift */; };
		C061875022A7F249002A47DE /* FeedTableViewCell.swift in Sources */ = {isa = PBXBuildFile; fileRef = C061874F22A7F249002A47DE /* FeedTableViewCell.swift */; };
		C061875422A7FB5F002A47DE /* SearchController.swift in Sources */ = {isa = PBXBuildFile; fileRef = C061875322A7FB5F002A47DE /* SearchController.swift */; };
		C061875622A82CD4002A47DE /* Main.storyboard in Resources */ = {isa = PBXBuildFile; fileRef = C061875522A82CD4002A47DE /* Main.storyboard */; };
		C061875822A82E58002A47DE /* PerfilViewController.swift in Sources */ = {isa = PBXBuildFile; fileRef = C061875722A82E58002A47DE /* PerfilViewController.swift */; };
		EB08F04322A9567B002FBB1C /* EnsinarViewController.swift in Sources */ = {isa = PBXBuildFile; fileRef = EB08F04222A9567B002FBB1C /* EnsinarViewController.swift */; };
		EB08F04522A95696002FBB1C /* AprenderViewController.swift in Sources */ = {isa = PBXBuildFile; fileRef = EB08F04422A95696002FBB1C /* AprenderViewController.swift */; };
/* End PBXBuildFile section */

/* Begin PBXFileReference section */
		1509804322AABFEF00B6019D /* FeedDetailViewController.swift */ = {isa = PBXFileReference; lastKnownFileType = sourcecode.swift; path = FeedDetailViewController.swift; sourceTree = "<group>"; };
		2FD47A8D15C334B525288923 /* Pods-Conecta.debug.xcconfig */ = {isa = PBXFileReference; includeInIndex = 1; lastKnownFileType = text.xcconfig; name = "Pods-Conecta.debug.xcconfig"; path = "Target Support Files/Pods-Conecta/Pods-Conecta.debug.xcconfig"; sourceTree = "<group>"; };
		A6A39D4DBA6C5EF9A64EBF35 /* Pods-Conecta.release.xcconfig */ = {isa = PBXFileReference; includeInIndex = 1; lastKnownFileType = text.xcconfig; name = "Pods-Conecta.release.xcconfig"; path = "Target Support Files/Pods-Conecta/Pods-Conecta.release.xcconfig"; sourceTree = "<group>"; };
		C05470F922AA9287003DB801 /* RegistroViewController.swift */ = {isa = PBXFileReference; lastKnownFileType = sourcecode.swift; path = RegistroViewController.swift; sourceTree = "<group>"; };
		C05470FB22AA93C0003DB801 /* Validacao.swift */ = {isa = PBXFileReference; lastKnownFileType = sourcecode.swift; path = Validacao.swift; sourceTree = "<group>"; };
		C05470FD22AFD6E5003DB801 /* AvatarViewController.swift */ = {isa = PBXFileReference; lastKnownFileType = sourcecode.swift; path = AvatarViewController.swift; sourceTree = "<group>"; };
		C05470FF22AFE8B7003DB801 /* AvatarCollectionViewCell.swift */ = {isa = PBXFileReference; lastKnownFileType = sourcecode.swift; path = AvatarCollectionViewCell.swift; sourceTree = "<group>"; };
		C054710122B15287003DB801 /* blur.xib */ = {isa = PBXFileReference; lastKnownFileType = file.xib; path = blur.xib; sourceTree = "<group>"; };
		C054710322B15551003DB801 /* Blur.swift */ = {isa = PBXFileReference; lastKnownFileType = sourcecode.swift; path = Blur.swift; sourceTree = "<group>"; };
		C061871722A14778002A47DE /* Conecta.app */ = {isa = PBXFileReference; explicitFileType = wrapper.application; includeInIndex = 0; path = Conecta.app; sourceTree = BUILT_PRODUCTS_DIR; };
		C061871A22A14778002A47DE /* AppDelegate.swift */ = {isa = PBXFileReference; lastKnownFileType = sourcecode.swift; path = AppDelegate.swift; sourceTree = "<group>"; };
		C061871C22A14778002A47DE /* LoginViewController.swift */ = {isa = PBXFileReference; lastKnownFileType = sourcecode.swift; path = LoginViewController.swift; sourceTree = "<group>"; };
		C061872222A14778002A47DE /* Conecta.xcdatamodel */ = {isa = PBXFileReference; lastKnownFileType = wrapper.xcdatamodel; path = Conecta.xcdatamodel; sourceTree = "<group>"; };
		C061872422A14779002A47DE /* Assets.xcassets */ = {isa = PBXFileReference; lastKnownFileType = folder.assetcatalog; path = Assets.xcassets; sourceTree = "<group>"; };
		C061872722A14779002A47DE /* Base */ = {isa = PBXFileReference; lastKnownFileType = file.storyboard; name = Base; path = Base.lproj/LaunchScreen.storyboard; sourceTree = "<group>"; };
		C061872922A14779002A47DE /* Info.plist */ = {isa = PBXFileReference; lastKnownFileType = text.plist.xml; path = Info.plist; sourceTree = "<group>"; };
		C061873322A14B9B002A47DE /* Persistencia.swift */ = {isa = PBXFileReference; lastKnownFileType = sourcecode.swift; path = Persistencia.swift; sourceTree = "<group>"; };
		C061873522A15729002A47DE /* Login.storyboard */ = {isa = PBXFileReference; lastKnownFileType = file.storyboard; path = Login.storyboard; sourceTree = "<group>"; };
		C061873722A157D4002A47DE /* Feed.storyboard */ = {isa = PBXFileReference; lastKnownFileType = file.storyboard; path = Feed.storyboard; sourceTree = "<group>"; };
		C061873B22A158E2002A47DE /* Perfil.storyboard */ = {isa = PBXFileReference; lastKnownFileType = file.storyboard; path = Perfil.storyboard; sourceTree = "<group>"; };
		C061873D22A15BDE002A47DE /* GoogleService-Info.plist */ = {isa = PBXFileReference; fileEncoding = 4; lastKnownFileType = text.plist.xml; name = "GoogleService-Info.plist"; path = "../../../../Downloads/GoogleService-Info.plist"; sourceTree = "<group>"; };
		C061874D22A7ED99002A47DE /* FeedViewController.swift */ = {isa = PBXFileReference; lastKnownFileType = sourcecode.swift; path = FeedViewController.swift; sourceTree = "<group>"; };
		C061874F22A7F249002A47DE /* FeedTableViewCell.swift */ = {isa = PBXFileReference; lastKnownFileType = sourcecode.swift; path = FeedTableViewCell.swift; sourceTree = "<group>"; };
		C061875322A7FB5F002A47DE /* SearchController.swift */ = {isa = PBXFileReference; lastKnownFileType = sourcecode.swift; path = SearchController.swift; sourceTree = "<group>"; };
		C061875522A82CD4002A47DE /* Main.storyboard */ = {isa = PBXFileReference; fileEncoding = 4; lastKnownFileType = file.storyboard; path = Main.storyboard; sourceTree = "<group>"; };
		C061875722A82E58002A47DE /* PerfilViewController.swift */ = {isa = PBXFileReference; lastKnownFileType = sourcecode.swift; path = PerfilViewController.swift; sourceTree = "<group>"; };
		C061875A22A83248002A47DE /* pt-BR */ = {isa = PBXFileReference; lastKnownFileType = text.plist.strings; name = "pt-BR"; path = "pt-BR.lproj/LaunchScreen.strings"; sourceTree = "<group>"; };
		EB08F04222A9567B002FBB1C /* EnsinarViewController.swift */ = {isa = PBXFileReference; lastKnownFileType = sourcecode.swift; path = EnsinarViewController.swift; sourceTree = "<group>"; };
		EB08F04422A95696002FBB1C /* AprenderViewController.swift */ = {isa = PBXFileReference; lastKnownFileType = sourcecode.swift; path = AprenderViewController.swift; sourceTree = "<group>"; };
		FEBE374B09DE93342F540675 /* Pods_Conecta.framework */ = {isa = PBXFileReference; explicitFileType = wrapper.framework; includeInIndex = 0; path = Pods_Conecta.framework; sourceTree = BUILT_PRODUCTS_DIR; };
/* End PBXFileReference section */

/* Begin PBXFrameworksBuildPhase section */
		C061871422A14778002A47DE /* Frameworks */ = {
			isa = PBXFrameworksBuildPhase;
			buildActionMask = 2147483647;
			files = (
				37E328C7A35A94F1F9978F75 /* Pods_Conecta.framework in Frameworks */,
			);
			runOnlyForDeploymentPostprocessing = 0;
		};
/* End PBXFrameworksBuildPhase section */

/* Begin PBXGroup section */
		2873BAD1A4F2D189F4D4D576 /* Pods */ = {
			isa = PBXGroup;
			children = (
				2FD47A8D15C334B525288923 /* Pods-Conecta.debug.xcconfig */,
				A6A39D4DBA6C5EF9A64EBF35 /* Pods-Conecta.release.xcconfig */,
			);
			path = Pods;
			sourceTree = "<group>";
		};
		9BAAC52EA050BD292A484AC8 /* Frameworks */ = {
			isa = PBXGroup;
			children = (
				FEBE374B09DE93342F540675 /* Pods_Conecta.framework */,
			);
			name = Frameworks;
			sourceTree = "<group>";
		};
		C061870E22A14778002A47DE = {
			isa = PBXGroup;
			children = (
				C061871922A14778002A47DE /* Conecta */,
				C061871822A14778002A47DE /* Products */,
				2873BAD1A4F2D189F4D4D576 /* Pods */,
				9BAAC52EA050BD292A484AC8 /* Frameworks */,
			);
			sourceTree = "<group>";
		};
		C061871822A14778002A47DE /* Products */ = {
			isa = PBXGroup;
			children = (
				C061871722A14778002A47DE /* Conecta.app */,
			);
			name = Products;
			sourceTree = "<group>";
		};
		C061871922A14778002A47DE /* Conecta */ = {
			isa = PBXGroup;
			children = (
				C061873222A147AD002A47DE /* Support */,
				C061873122A147A1002A47DE /* Controller */,
				C061873022A1479A002A47DE /* View */,
				C061872F22A14795002A47DE /* Model */,
				C061872422A14779002A47DE /* Assets.xcassets */,
			);
			path = Conecta;
			sourceTree = "<group>";
		};
		C061872F22A14795002A47DE /* Model */ = {
			isa = PBXGroup;
			children = (
				C061872122A14778002A47DE /* Conecta.xcdatamodeld */,
			);
			path = Model;
			sourceTree = "<group>";
		};
		C061873022A1479A002A47DE /* View */ = {
			isa = PBXGroup;
			children = (
				C061872622A14779002A47DE /* LaunchScreen.storyboard */,
				C061873522A15729002A47DE /* Login.storyboard */,
				C061875522A82CD4002A47DE /* Main.storyboard */,
				C061873722A157D4002A47DE /* Feed.storyboard */,
				C061873B22A158E2002A47DE /* Perfil.storyboard */,
				C054710122B15287003DB801 /* blur.xib */,
			);
			path = View;
			sourceTree = "<group>";
		};
		C061873122A147A1002A47DE /* Controller */ = {
			isa = PBXGroup;
			children = (
				C061871C22A14778002A47DE /* LoginViewController.swift */,
				C061873322A14B9B002A47DE /* Persistencia.swift */,
				C061874D22A7ED99002A47DE /* FeedViewController.swift */,
				C061874F22A7F249002A47DE /* FeedTableViewCell.swift */,
				C061875322A7FB5F002A47DE /* SearchController.swift */,
				C061875722A82E58002A47DE /* PerfilViewController.swift */,
				EB08F04222A9567B002FBB1C /* EnsinarViewController.swift */,
				EB08F04422A95696002FBB1C /* AprenderViewController.swift */,
				C05470F922AA9287003DB801 /* RegistroViewController.swift */,
				C05470FB22AA93C0003DB801 /* Validacao.swift */,
				1509804322AABFEF00B6019D /* FeedDetailViewController.swift */,
				C05470FD22AFD6E5003DB801 /* AvatarViewController.swift */,
				C05470FF22AFE8B7003DB801 /* AvatarCollectionViewCell.swift */,
				C054710322B15551003DB801 /* Blur.swift */,
			);
			path = Controller;
			sourceTree = "<group>";
		};
		C061873222A147AD002A47DE /* Support */ = {
			isa = PBXGroup;
			children = (
				C061873D22A15BDE002A47DE /* GoogleService-Info.plist */,
				C061871A22A14778002A47DE /* AppDelegate.swift */,
				C061872922A14779002A47DE /* Info.plist */,
			);
			path = Support;
			sourceTree = "<group>";
		};
/* End PBXGroup section */

/* Begin PBXNativeTarget section */
		C061871622A14778002A47DE /* Conecta */ = {
			isa = PBXNativeTarget;
			buildConfigurationList = C061872C22A14779002A47DE /* Build configuration list for PBXNativeTarget "Conecta" */;
			buildPhases = (
				7EB80FE24DD7BBA525B208B0 /* [CP] Check Pods Manifest.lock */,
				C061871322A14778002A47DE /* Sources */,
				C061871422A14778002A47DE /* Frameworks */,
				C061871522A14778002A47DE /* Resources */,
				E69EA499D2D4FE62A105DC8F /* [CP] Embed Pods Frameworks */,
				BE962D77B16F3DA47747FB72 /* [CP] Copy Pods Resources */,
			);
			buildRules = (
			);
			dependencies = (
			);
			name = Conecta;
			productName = Conecta;
			productReference = C061871722A14778002A47DE /* Conecta.app */;
			productType = "com.apple.product-type.application";
		};
/* End PBXNativeTarget section */

/* Begin PBXProject section */
		C061870F22A14778002A47DE /* Project object */ = {
			isa = PBXProject;
			attributes = {
				LastSwiftUpdateCheck = 1020;
				LastUpgradeCheck = 1020;
				ORGANIZATIONNAME = "Gabriel Zanatto Salami";
				TargetAttributes = {
					C061871622A14778002A47DE = {
						CreatedOnToolsVersion = 10.2.1;
					};
				};
			};
			buildConfigurationList = C061871222A14778002A47DE /* Build configuration list for PBXProject "Conecta" */;
			compatibilityVersion = "Xcode 9.3";
			developmentRegion = en;
			hasScannedForEncodings = 0;
			knownRegions = (
				en,
				Base,
				"pt-BR",
			);
			mainGroup = C061870E22A14778002A47DE;
			productRefGroup = C061871822A14778002A47DE /* Products */;
			projectDirPath = "";
			projectRoot = "";
			targets = (
				C061871622A14778002A47DE /* Conecta */,
			);
		};
/* End PBXProject section */

/* Begin PBXResourcesBuildPhase section */
		C061871522A14778002A47DE /* Resources */ = {
			isa = PBXResourcesBuildPhase;
			buildActionMask = 2147483647;
			files = (
				C061873822A157D4002A47DE /* Feed.storyboard in Resources */,
				C061873E22A15BDE002A47DE /* GoogleService-Info.plist in Resources */,
				C061873622A15729002A47DE /* Login.storyboard in Resources */,
				C061872822A14779002A47DE /* LaunchScreen.storyboard in Resources */,
				C061873C22A158E2002A47DE /* Perfil.storyboard in Resources */,
				C061875622A82CD4002A47DE /* Main.storyboard in Resources */,
				C054710222B15287003DB801 /* blur.xib in Resources */,
				C061872522A14779002A47DE /* Assets.xcassets in Resources */,
			);
			runOnlyForDeploymentPostprocessing = 0;
		};
/* End PBXResourcesBuildPhase section */

/* Begin PBXShellScriptBuildPhase section */
		7EB80FE24DD7BBA525B208B0 /* [CP] Check Pods Manifest.lock */ = {
			isa = PBXShellScriptBuildPhase;
			buildActionMask = 2147483647;
			files = (
			);
			inputFileListPaths = (
			);
			inputPaths = (
				"${PODS_PODFILE_DIR_PATH}/Podfile.lock",
				"${PODS_ROOT}/Manifest.lock",
			);
			name = "[CP] Check Pods Manifest.lock";
			outputFileListPaths = (
			);
			outputPaths = (
				"$(DERIVED_FILE_DIR)/Pods-Conecta-checkManifestLockResult.txt",
			);
			runOnlyForDeploymentPostprocessing = 0;
			shellPath = /bin/sh;
			shellScript = "diff \"${PODS_PODFILE_DIR_PATH}/Podfile.lock\" \"${PODS_ROOT}/Manifest.lock\" > /dev/null\nif [ $? != 0 ] ; then\n    # print error to STDERR\n    echo \"error: The sandbox is not in sync with the Podfile.lock. Run 'pod install' or update your CocoaPods installation.\" >&2\n    exit 1\nfi\n# This output is used by Xcode 'outputs' to avoid re-running this script phase.\necho \"SUCCESS\" > \"${SCRIPT_OUTPUT_FILE_0}\"\n";
			showEnvVarsInLog = 0;
		};
		BE962D77B16F3DA47747FB72 /* [CP] Copy Pods Resources */ = {
			isa = PBXShellScriptBuildPhase;
			buildActionMask = 2147483647;
			files = (
			);
			inputFileListPaths = (
				"${PODS_ROOT}/Target Support Files/Pods-Conecta/Pods-Conecta-resources-${CONFIGURATION}-input-files.xcfilelist",
			);
			name = "[CP] Copy Pods Resources";
			outputFileListPaths = (
				"${PODS_ROOT}/Target Support Files/Pods-Conecta/Pods-Conecta-resources-${CONFIGURATION}-output-files.xcfilelist",
			);
			runOnlyForDeploymentPostprocessing = 0;
			shellPath = /bin/sh;
			shellScript = "\"${PODS_ROOT}/Target Support Files/Pods-Conecta/Pods-Conecta-resources.sh\"\n";
			showEnvVarsInLog = 0;
		};
		E69EA499D2D4FE62A105DC8F /* [CP] Embed Pods Frameworks */ = {
			isa = PBXShellScriptBuildPhase;
			buildActionMask = 2147483647;
			files = (
			);
			inputFileListPaths = (
				"${PODS_ROOT}/Target Support Files/Pods-Conecta/Pods-Conecta-frameworks-${CONFIGURATION}-input-files.xcfilelist",
			);
			name = "[CP] Embed Pods Frameworks";
			outputFileListPaths = (
				"${PODS_ROOT}/Target Support Files/Pods-Conecta/Pods-Conecta-frameworks-${CONFIGURATION}-output-files.xcfilelist",
			);
			runOnlyForDeploymentPostprocessing = 0;
			shellPath = /bin/sh;
			shellScript = "\"${PODS_ROOT}/Target Support Files/Pods-Conecta/Pods-Conecta-frameworks.sh\"\n";
			showEnvVarsInLog = 0;
		};
/* End PBXShellScriptBuildPhase section */

/* Begin PBXSourcesBuildPhase section */
		C061871322A14778002A47DE /* Sources */ = {
			isa = PBXSourcesBuildPhase;
			buildActionMask = 2147483647;
			files = (
				C061872322A14778002A47DE /* Conecta.xcdatamodeld in Sources */,
				C061875022A7F249002A47DE /* FeedTableViewCell.swift in Sources */,
				C05470FC22AA93C0003DB801 /* Validacao.swift in Sources */,
				1509804422AABFEF00B6019D /* FeedDetailViewController.swift in Sources */,
				C061871D22A14778002A47DE /* LoginViewController.swift in Sources */,
				C061875422A7FB5F002A47DE /* SearchController.swift in Sources */,
				C061874E22A7ED99002A47DE /* FeedViewController.swift in Sources */,
				EB08F04522A95696002FBB1C /* AprenderViewController.swift in Sources */,
				C054710022AFE8B7003DB801 /* AvatarCollectionViewCell.swift in Sources */,
				C061871B22A14778002A47DE /* AppDelegate.swift in Sources */,
				C054710422B15551003DB801 /* Blur.swift in Sources */,
				C061875822A82E58002A47DE /* PerfilViewController.swift in Sources */,
				EB08F04322A9567B002FBB1C /* EnsinarViewController.swift in Sources */,
				C05470FE22AFD6E5003DB801 /* AvatarViewController.swift in Sources */,
				C061873422A14B9B002A47DE /* Persistencia.swift in Sources */,
				C05470FA22AA9287003DB801 /* RegistroViewController.swift in Sources */,
			);
			runOnlyForDeploymentPostprocessing = 0;
		};
/* End PBXSourcesBuildPhase section */

/* Begin PBXVariantGroup section */
		C061872622A14779002A47DE /* LaunchScreen.storyboard */ = {
			isa = PBXVariantGroup;
			children = (
				C061872722A14779002A47DE /* Base */,
				C061875A22A83248002A47DE /* pt-BR */,
			);
			name = LaunchScreen.storyboard;
			sourceTree = "<group>";
		};
/* End PBXVariantGroup section */

/* Begin XCBuildConfiguration section */
		C061872A22A14779002A47DE /* Debug */ = {
			isa = XCBuildConfiguration;
			buildSettings = {
				ALWAYS_SEARCH_USER_PATHS = NO;
				CLANG_ANALYZER_LOCALIZABILITY_NONLOCALIZED = YES;
				CLANG_ANALYZER_NONNULL = YES;
				CLANG_ANALYZER_NUMBER_OBJECT_CONVERSION = YES_AGGRESSIVE;
				CLANG_CXX_LANGUAGE_STANDARD = "gnu++14";
				CLANG_CXX_LIBRARY = "libc++";
				CLANG_ENABLE_MODULES = YES;
				CLANG_ENABLE_OBJC_ARC = YES;
				CLANG_ENABLE_OBJC_WEAK = YES;
				CLANG_WARN_BLOCK_CAPTURE_AUTORELEASING = YES;
				CLANG_WARN_BOOL_CONVERSION = YES;
				CLANG_WARN_COMMA = YES;
				CLANG_WARN_CONSTANT_CONVERSION = YES;
				CLANG_WARN_DEPRECATED_OBJC_IMPLEMENTATIONS = YES;
				CLANG_WARN_DIRECT_OBJC_ISA_USAGE = YES_ERROR;
				CLANG_WARN_DOCUMENTATION_COMMENTS = YES;
				CLANG_WARN_EMPTY_BODY = YES;
				CLANG_WARN_ENUM_CONVERSION = YES;
				CLANG_WARN_INFINITE_RECURSION = YES;
				CLANG_WARN_INT_CONVERSION = YES;
				CLANG_WARN_NON_LITERAL_NULL_CONVERSION = YES;
				CLANG_WARN_OBJC_IMPLICIT_RETAIN_SELF = YES;
				CLANG_WARN_OBJC_LITERAL_CONVERSION = YES;
				CLANG_WARN_OBJC_ROOT_CLASS = YES_ERROR;
				CLANG_WARN_RANGE_LOOP_ANALYSIS = YES;
				CLANG_WARN_STRICT_PROTOTYPES = YES;
				CLANG_WARN_SUSPICIOUS_MOVE = YES;
				CLANG_WARN_UNGUARDED_AVAILABILITY = YES_AGGRESSIVE;
				CLANG_WARN_UNREACHABLE_CODE = YES;
				CLANG_WARN__DUPLICATE_METHOD_MATCH = YES;
				CODE_SIGN_IDENTITY = "iPhone Developer";
				COPY_PHASE_STRIP = NO;
				DEBUG_INFORMATION_FORMAT = dwarf;
				ENABLE_STRICT_OBJC_MSGSEND = YES;
				ENABLE_TESTABILITY = YES;
				GCC_C_LANGUAGE_STANDARD = gnu11;
				GCC_DYNAMIC_NO_PIC = NO;
				GCC_NO_COMMON_BLOCKS = YES;
				GCC_OPTIMIZATION_LEVEL = 0;
				GCC_PREPROCESSOR_DEFINITIONS = (
					"DEBUG=1",
					"$(inherited)",
				);
				GCC_WARN_64_TO_32_BIT_CONVERSION = YES;
				GCC_WARN_ABOUT_RETURN_TYPE = YES_ERROR;
				GCC_WARN_UNDECLARED_SELECTOR = YES;
				GCC_WARN_UNINITIALIZED_AUTOS = YES_AGGRESSIVE;
				GCC_WARN_UNUSED_FUNCTION = YES;
				GCC_WARN_UNUSED_VARIABLE = YES;
				IPHONEOS_DEPLOYMENT_TARGET = 12.2;
				MTL_ENABLE_DEBUG_INFO = INCLUDE_SOURCE;
				MTL_FAST_MATH = YES;
				ONLY_ACTIVE_ARCH = YES;
				SDKROOT = iphoneos;
				SWIFT_ACTIVE_COMPILATION_CONDITIONS = DEBUG;
				SWIFT_OPTIMIZATION_LEVEL = "-Onone";
			};
			name = Debug;
		};
		C061872B22A14779002A47DE /* Release */ = {
			isa = XCBuildConfiguration;
			buildSettings = {
				ALWAYS_SEARCH_USER_PATHS = NO;
				CLANG_ANALYZER_LOCALIZABILITY_NONLOCALIZED = YES;
				CLANG_ANALYZER_NONNULL = YES;
				CLANG_ANALYZER_NUMBER_OBJECT_CONVERSION = YES_AGGRESSIVE;
				CLANG_CXX_LANGUAGE_STANDARD = "gnu++14";
				CLANG_CXX_LIBRARY = "libc++";
				CLANG_ENABLE_MODULES = YES;
				CLANG_ENABLE_OBJC_ARC = YES;
				CLANG_ENABLE_OBJC_WEAK = YES;
				CLANG_WARN_BLOCK_CAPTURE_AUTORELEASING = YES;
				CLANG_WARN_BOOL_CONVERSION = YES;
				CLANG_WARN_COMMA = YES;
				CLANG_WARN_CONSTANT_CONVERSION = YES;
				CLANG_WARN_DEPRECATED_OBJC_IMPLEMENTATIONS = YES;
				CLANG_WARN_DIRECT_OBJC_ISA_USAGE = YES_ERROR;
				CLANG_WARN_DOCUMENTATION_COMMENTS = YES;
				CLANG_WARN_EMPTY_BODY = YES;
				CLANG_WARN_ENUM_CONVERSION = YES;
				CLANG_WARN_INFINITE_RECURSION = YES;
				CLANG_WARN_INT_CONVERSION = YES;
				CLANG_WARN_NON_LITERAL_NULL_CONVERSION = YES;
				CLANG_WARN_OBJC_IMPLICIT_RETAIN_SELF = YES;
				CLANG_WARN_OBJC_LITERAL_CONVERSION = YES;
				CLANG_WARN_OBJC_ROOT_CLASS = YES_ERROR;
				CLANG_WARN_RANGE_LOOP_ANALYSIS = YES;
				CLANG_WARN_STRICT_PROTOTYPES = YES;
				CLANG_WARN_SUSPICIOUS_MOVE = YES;
				CLANG_WARN_UNGUARDED_AVAILABILITY = YES_AGGRESSIVE;
				CLANG_WARN_UNREACHABLE_CODE = YES;
				CLANG_WARN__DUPLICATE_METHOD_MATCH = YES;
				CODE_SIGN_IDENTITY = "iPhone Developer";
				COPY_PHASE_STRIP = NO;
				DEBUG_INFORMATION_FORMAT = "dwarf-with-dsym";
				ENABLE_NS_ASSERTIONS = NO;
				ENABLE_STRICT_OBJC_MSGSEND = YES;
				GCC_C_LANGUAGE_STANDARD = gnu11;
				GCC_NO_COMMON_BLOCKS = YES;
				GCC_WARN_64_TO_32_BIT_CONVERSION = YES;
				GCC_WARN_ABOUT_RETURN_TYPE = YES_ERROR;
				GCC_WARN_UNDECLARED_SELECTOR = YES;
				GCC_WARN_UNINITIALIZED_AUTOS = YES_AGGRESSIVE;
				GCC_WARN_UNUSED_FUNCTION = YES;
				GCC_WARN_UNUSED_VARIABLE = YES;
				IPHONEOS_DEPLOYMENT_TARGET = 12.2;
				MTL_ENABLE_DEBUG_INFO = NO;
				MTL_FAST_MATH = YES;
				SDKROOT = iphoneos;
				SWIFT_COMPILATION_MODE = wholemodule;
				SWIFT_OPTIMIZATION_LEVEL = "-O";
				VALIDATE_PRODUCT = YES;
			};
			name = Release;
		};
		C061872D22A14779002A47DE /* Debug */ = {
			isa = XCBuildConfiguration;
			baseConfigurationReference = 2FD47A8D15C334B525288923 /* Pods-Conecta.debug.xcconfig */;
			buildSettings = {
				ASSETCATALOG_COMPILER_APPICON_NAME = AppIcon;
				CODE_SIGN_STYLE = Automatic;
				INFOPLIST_FILE = "$(SRCROOT)/Conecta/Support/Info.plist";
				LD_RUNPATH_SEARCH_PATHS = (
					"$(inherited)",
					"@executable_path/Frameworks",
				);
				PRODUCT_BUNDLE_IDENTIFIER = com.gabrielsalami.Conecta;
				PRODUCT_NAME = "$(TARGET_NAME)";
				SWIFT_VERSION = 5.0;
				TARGETED_DEVICE_FAMILY = "1,2";
			};
			name = Debug;
		};
		C061872E22A14779002A47DE /* Release */ = {
			isa = XCBuildConfiguration;
			baseConfigurationReference = A6A39D4DBA6C5EF9A64EBF35 /* Pods-Conecta.release.xcconfig */;
			buildSettings = {
				ASSETCATALOG_COMPILER_APPICON_NAME = AppIcon;
				CODE_SIGN_STYLE = Automatic;
				INFOPLIST_FILE = "$(SRCROOT)/Conecta/Support/Info.plist";
				LD_RUNPATH_SEARCH_PATHS = (
					"$(inherited)",
					"@executable_path/Frameworks",
				);
				PRODUCT_BUNDLE_IDENTIFIER = com.gabrielsalami.Conecta;
				PRODUCT_NAME = "$(TARGET_NAME)";
				SWIFT_VERSION = 5.0;
				TARGETED_DEVICE_FAMILY = "1,2";
			};
			name = Release;
		};
/* End XCBuildConfiguration section */

/* Begin XCConfigurationList section */
		C061871222A14778002A47DE /* Build configuration list for PBXProject "Conecta" */ = {
			isa = XCConfigurationList;
			buildConfigurations = (
				C061872A22A14779002A47DE /* Debug */,
				C061872B22A14779002A47DE /* Release */,
			);
			defaultConfigurationIsVisible = 0;
			defaultConfigurationName = Release;
		};
		C061872C22A14779002A47DE /* Build configuration list for PBXNativeTarget "Conecta" */ = {
			isa = XCConfigurationList;
			buildConfigurations = (
				C061872D22A14779002A47DE /* Debug */,
				C061872E22A14779002A47DE /* Release */,
			);
			defaultConfigurationIsVisible = 0;
			defaultConfigurationName = Release;
		};
/* End XCConfigurationList section */

/* Begin XCVersionGroup section */
		C061872122A14778002A47DE /* Conecta.xcdatamodeld */ = {
			isa = XCVersionGroup;
			children = (
				C061872222A14778002A47DE /* Conecta.xcdatamodel */,
			);
			currentVersion = C061872222A14778002A47DE /* Conecta.xcdatamodel */;
			path = Conecta.xcdatamodeld;
			sourceTree = "<group>";
			versionGroupType = wrapper.xcdatamodel;
		};
/* End XCVersionGroup section */
	};
	rootObject = C061870F22A14778002A47DE /* Project object */;
}
